
Microsoft Visual Studio Solution File, Format Version 12.00
# Visual Studio Version 17
VisualStudioVersion = 17.0.32014.148
MinimumVisualStudioVersion = 10.0.40219.1
Project("{9A19103F-16F7-4668-BE54-9A1E7A4F7556}") = "ApiRaices", "ApiRaices\ApiRaices.csproj", "{F818CE57-9AF3-422E-AF18-C5ACA5AA3792}"
EndProject
Project("{9A19103F-16F7-4668-BE54-9A1E7A4F7556}") = "NUnitTesting", "NUnitTesting\NUnitTesting.csproj", "{BB01B69F-2DDD-42C2-A184-68261108F4AF}"
EndProject
Global
	GlobalSection(SolutionConfigurationPlatforms) = preSolution
		Debug|Any CPU = Debug|Any CPU
		Release|Any CPU = Release|Any CPU
	EndGlobalSection
	GlobalSection(ProjectConfigurationPlatforms) = postSolution
		{F818CE57-9AF3-422E-AF18-C5ACA5AA3792}.Debug|Any CPU.ActiveCfg = Debug|Any CPU
		{F818CE57-9AF3-422E-AF18-C5ACA5AA3792}.Debug|Any CPU.Build.0 = Debug|Any CPU
		{F818CE57-9AF3-422E-AF18-C5ACA5AA3792}.Release|Any CPU.ActiveCfg = Release|Any CPU
		{F818CE57-9AF3-422E-AF18-C5ACA5AA3792}.Release|Any CPU.Build.0 = Release|Any CPU
		{BB01B69F-2DDD-42C2-A184-68261108F4AF}.Debug|Any CPU.ActiveCfg = Debug|Any CPU
		{BB01B69F-2DDD-42C2-A184-68261108F4AF}.Debug|Any CPU.Build.0 = Debug|Any CPU
		{BB01B69F-2DDD-42C2-A184-68261108F4AF}.Release|Any CPU.ActiveCfg = Release|Any CPU
		{BB01B69F-2DDD-42C2-A184-68261108F4AF}.Release|Any CPU.Build.0 = Release|Any CPU
	EndGlobalSection
	GlobalSection(SolutionProperties) = preSolution
		HideSolutionNode = FALSE
	EndGlobalSection
	GlobalSection(ExtensibilityGlobals) = postSolution
		SolutionGuid = {39390711-BE60-4B16-9B9D-D1FDCF751794}
	EndGlobalSection
EndGlobal
